
Microsoft Visual Studio Solution File, Format Version 12.00
# Visual Studio Version 17
VisualStudioVersion = 17.4.33205.214
MinimumVisualStudioVersion = 10.0.40219.1
Project("{F184B08F-C81C-45F6-A57F-5ABD9991F28F}") = "calculator", "calculator\calculator.vbproj", "{91CCA92B-D01D-4E85-A1D2-89DF05EB516E}"
EndProject
Global
	GlobalSection(SolutionConfigurationPlatforms) = preSolution
		Debug|Any CPU = Debug|Any CPU
		Release|Any CPU = Release|Any CPU
	EndGlobalSection
	GlobalSection(ProjectConfigurationPlatforms) = postSolution
		{91CCA92B-D01D-4E85-A1D2-89DF05EB516E}.Debug|Any CPU.ActiveCfg = Debug|Any CPU
		{91CCA92B-D01D-4E85-A1D2-89DF05EB516E}.Debug|Any CPU.Build.0 = Debug|Any CPU
		{91CCA92B-D01D-4E85-A1D2-89DF05EB516E}.Release|Any CPU.ActiveCfg = Release|Any CPU
		{91CCA92B-D01D-4E85-A1D2-89DF05EB516E}.Release|Any CPU.Build.0 = Release|Any CPU
	EndGlobalSection
	GlobalSection(SolutionProperties) = preSolution
		HideSolutionNode = FALSE
	EndGlobalSection
	GlobalSection(ExtensibilityGlobals) = postSolution
		SolutionGuid = {AD9F0918-370A-45C0-8158-F9373C4537CB}
	EndGlobalSection
EndGlobal
